
Microsoft Visual Studio Solution File, Format Version 12.00
# Visual Studio 15
VisualStudioVersion = 15.0.28307.572
MinimumVisualStudioVersion = 10.0.40219.1
Project("{8BC9CEB8-8B4A-11D0-8D11-00A0C91BC942}") = "Pretendo++", "Pretendo++\Pretendo++.vcxproj", "{89CB3726-8C1E-48A4-9B98-DAA0155F58E1}"
EndProject
Global
	GlobalSection(SolutionConfigurationPlatforms) = preSolution
		Debug|x64 = Debug|x64
		Debug|x86 = Debug|x86
		Release|x64 = Release|x64
		Release|x86 = Release|x86
	EndGlobalSection
	GlobalSection(ProjectConfigurationPlatforms) = postSolution
		{89CB3726-8C1E-48A4-9B98-DAA0155F58E1}.Debug|x64.ActiveCfg = Debug|x64
		{89CB3726-8C1E-48A4-9B98-DAA0155F58E1}.Debug|x64.Build.0 = Debug|x64
		{89CB3726-8C1E-48A4-9B98-DAA0155F58E1}.Debug|x86.ActiveCfg = Debug|Win32
		{89CB3726-8C1E-48A4-9B98-DAA0155F58E1}.Debug|x86.Build.0 = Debug|Win32
		{89CB3726-8C1E-48A4-9B98-DAA0155F58E1}.Release|x64.ActiveCfg = Release|x64
		{89CB3726-8C1E-48A4-9B98-DAA0155F58E1}.Release|x64.Build.0 = Release|x64
		{89CB3726-8C1E-48A4-9B98-DAA0155F58E1}.Release|x86.ActiveCfg = Release|Win32
		{89CB3726-8C1E-48A4-9B98-DAA0155F58E1}.Release|x86.Build.0 = Release|Win32
	EndGlobalSection
	GlobalSection(SolutionProperties) = preSolution
		HideSolutionNode = FALSE
	EndGlobalSection
	GlobalSection(ExtensibilityGlobals) = postSolution
		SolutionGuid = {D823E1EF-C8EC-4E98-B7DF-5CFE0E106968}
	EndGlobalSection
EndGlobal
